
Microsoft Visual Studio Solution File, Format Version 12.00
# Visual Studio 15
VisualStudioVersion = 15.0.28010.2046
MinimumVisualStudioVersion = 10.0.40219.1
Project("{FAE04EC0-301F-11D3-BF4B-00C04F79EFBC}") = "WeatherWPF", "WpfLibrary\WeatherWPF.csproj", "{A05FDEB2-D34F-4F47-8470-ACF735BB2541}"
EndProject
Project("{2150E333-8FDC-42A3-9474-1A3956D46DE8}") = "Solution Items", "Solution Items", "{5F82D56E-68F6-49F7-809C-8809554748A8}"
	ProjectSection(SolutionItems) = preProject
		README.md = README.md
	EndProjectSection
EndProject
Global
	GlobalSection(SolutionConfigurationPlatforms) = preSolution
		Debug|Any CPU = Debug|Any CPU
		Release|Any CPU = Release|Any CPU
	EndGlobalSection
	GlobalSection(ProjectConfigurationPlatforms) = postSolution
		{A05FDEB2-D34F-4F47-8470-ACF735BB2541}.Debug|Any CPU.ActiveCfg = Debug|Any CPU
		{A05FDEB2-D34F-4F47-8470-ACF735BB2541}.Debug|Any CPU.Build.0 = Debug|Any CPU
		{A05FDEB2-D34F-4F47-8470-ACF735BB2541}.Release|Any CPU.ActiveCfg = Release|Any CPU
		{A05FDEB2-D34F-4F47-8470-ACF735BB2541}.Release|Any CPU.Build.0 = Release|Any CPU
	EndGlobalSection
	GlobalSection(SolutionProperties) = preSolution
		HideSolutionNode = FALSE
	EndGlobalSection
	GlobalSection(ExtensibilityGlobals) = postSolution
		SolutionGuid = {C05E8A06-7CAB-4DF2-A516-CDF4E724EF48}
	EndGlobalSection
EndGlobal
